
Microsoft Visual Studio Solution File, Format Version 12.00
# Visual Studio Version 17
VisualStudioVersion = 17.14.36310.24 d17.14
MinimumVisualStudioVersion = 10.0.40219.1
Project("{FAE04EC0-301F-11D3-BF4B-00C04F79EFBC}") = "VS Final Assignment.WebSite", "VS Final Assignment.WebSite\VS Final Assignment.WebSite.csproj", "{8ACCD985-FDCD-4E6B-A933-495FEF5FA541}"
EndProject
Global
	GlobalSection(SolutionConfigurationPlatforms) = preSolution
		Debug|Any CPU = Debug|Any CPU
		Release|Any CPU = Release|Any CPU
	EndGlobalSection
	GlobalSection(ProjectConfigurationPlatforms) = postSolution
		{8ACCD985-FDCD-4E6B-A933-495FEF5FA541}.Debug|Any CPU.ActiveCfg = Debug|Any CPU
		{8ACCD985-FDCD-4E6B-A933-495FEF5FA541}.Debug|Any CPU.Build.0 = Debug|Any CPU
		{8ACCD985-FDCD-4E6B-A933-495FEF5FA541}.Release|Any CPU.ActiveCfg = Release|Any CPU
		{8ACCD985-FDCD-4E6B-A933-495FEF5FA541}.Release|Any CPU.Build.0 = Release|Any CPU
	EndGlobalSection
	GlobalSection(SolutionProperties) = preSolution
		HideSolutionNode = FALSE
	EndGlobalSection
	GlobalSection(ExtensibilityGlobals) = postSolution
		SolutionGuid = {32AEE7F8-1D39-473C-B1CD-088F770F4CB7}
	EndGlobalSection
EndGlobal
